[[package]]
name = "bleak"
version = "0.14.3"
description = "Bluetooth Low Energy platform Agnostic Klient"
category = "main"
optional = false
python-versions = "*"

[package.dependencies]
bleak-winrt = {version = ">=1.1.1", markers = "platform_system == \"Windows\""}
dbus-next = {version = "*", markers = "platform_system == \"Linux\""}
pyobjc-core = {version = "*", markers = "platform_system == \"Darwin\""}
pyobjc-framework-CoreBluetooth = {version = "*", markers = "platform_system == \"Darwin\""}
pyobjc-framework-libdispatch = {version = "*", markers = "platform_system == \"Darwin\""}

[[package]]
name = "bleak-winrt"
version = "1.1.1"
description = "Python WinRT bindings for Bleak"
category = "main"
optional = false
python-versions = "*"

[[package]]
name = "click"
version = "8.1.3"
description = "Composable command line interface toolkit"
category = "main"
optional = false
python-versions = ">=3.7"

[package.dependencies]
colorama = {version = "*", markers = "platform_system == \"Windows\""}
importlib-metadata = {version = "*", markers = "python_version < \"3.8\""}

[[package]]
name = "colorama"
version = "0.4.4"
description = "Cross-platform colored terminal text."
category = "main"
optional = false
python-versions = ">=2.7, !=3.0.*, !=3.1.*, !=3.2.*, !=3.3.*, !=3.4.*"

[[package]]
name = "dbus-next"
version = "0.2.3"
description = "A zero-dependency DBus library for Python with asyncio support"
category = "main"
optional = false
python-versions = ">=3.6.0"

[[package]]
name = "importlib-metadata"
version = "4.11.3"
description = "Read metadata from Python packages"
category = "main"
optional = false
python-versions = ">=3.7"

[package.dependencies]
typing-extensions = {version = ">=3.6.4", markers = "python_version < \"3.8\""}
zipp = ">=0.5"

[package.extras]
docs = ["sphinx", "jaraco.packaging (>=9)", "rst.linker (>=1.9)"]
perf = ["ipython"]
testing = ["pytest (>=6)", "pytest-checkdocs (>=2.4)", "pytest-flake8", "pytest-cov", "pytest-enabler (>=1.0.1)", "packaging", "pyfakefs", "flufl.flake8", "pytest-perf (>=0.9.2)", "pytest-black (>=0.3.7)", "pytest-mypy (>=0.9.1)", "importlib-resources (>=1.3)"]

[[package]]
name = "pyobjc-core"
version = "8.5"
description = "Python<->ObjC Interoperability Module"
category = "main"
optional = false
python-versions = ">=3.6"

[[package]]
name = "pyobjc-framework-cocoa"
version = "8.5"
description = "Wrappers for the Cocoa frameworks on macOS"
category = "main"
optional = false
python-versions = ">=3.6"

[package.dependencies]
pyobjc-core = ">=8.5"

[[package]]
name = "pyobjc-framework-corebluetooth"
version = "8.5"
description = "Wrappers for the framework CoreBluetooth on macOS"
category = "main"
optional = false
python-versions = ">=3.6"

[package.dependencies]
pyobjc-core = ">=8.5"
pyobjc-framework-Cocoa = ">=8.5"

[[package]]
name = "pyobjc-framework-libdispatch"
version = "8.5"
description = "Wrappers for libdispatch on macOS"
category = "main"
optional = false
python-versions = ">=3.6"

[package.dependencies]
pyobjc-core = ">=8.5"

[[package]]
name = "toml"
version = "0.10.2"
description = "Python Library for Tom's Obvious, Minimal Language"
category = "dev"
optional = false
python-versions = ">=2.6, !=3.0.*, !=3.1.*, !=3.2.*"

[[package]]
name = "typing-extensions"
version = "4.2.0"
description = "Backported and Experimental Type Hints for Python 3.7+"
category = "main"
optional = false
python-versions = ">=3.7"

[[package]]
name = "zipp"
version = "3.8.0"
description = "Backport of pathlib-compatible object wrapper for zip files"
category = "main"
optional = false
python-versions = ">=3.7"

[package.extras]
docs = ["sphinx", "jaraco.packaging (>=9)", "rst.linker (>=1.9)"]
testing = ["pytest (>=6)", "pytest-checkdocs (>=2.4)", "pytest-flake8", "pytest-cov", "pytest-enabler (>=1.0.1)", "jaraco.itertools", "func-timeout", "pytest-black (>=0.3.7)", "pytest-mypy (>=0.9.1)"]

[metadata]
lock-version = "1.1"
python-versions = "^3.7"
content-hash = "16d6e547c601351baf6cf0a05121f93d2b7ac063e5b9a5e2c2c1e544d2c55ad5"

[metadata.files]
bleak = [
    {file = "bleak-0.14.3-py2.py3-none-any.whl", hash = "sha256:1740c09039e58a65023a3c7141609bff1300dff2b5f7ab103a3218063803e965"},
    {file = "bleak-0.14.3.tar.gz", hash = "sha256:760e5bb1e804087f762576b9b9563d63b47d521b1652988e28c3cb5e64b61990"},
]
bleak-winrt = [
    {file = "bleak-winrt-1.1.1.tar.gz", hash = "sha256:3e7765f98d71b5229d95bd3b197931994dead40f3144e7186de7b8f664e26df0"},
    {file = "bleak_winrt-1.1.1-cp310-cp310-win32.whl", hash = "sha256:f1ab6641cfdadce69126b459c5d30f1a934384bc0c37632393163eea3c94d7a8"},
    {file = "bleak_winrt-1.1.1-cp310-cp310-win_amd64.whl", hash = "sha256:79a87c7fcc99838bf7f71765e855a74a80e085c4aedde14d0931d56a9f87be77"},
    {file = "bleak_winrt-1.1.1-cp37-cp37m-win32.whl", hash = "sha256:1cf652fe38822216c093d4322b9899f54bff3169c4fc48ee8dd10bc1938ec59c"},
    {file = "bleak_winrt-1.1.1-cp37-cp37m-win_amd64.whl", hash = "sha256:09b64b9b768dfa3abab16e67f7e0d476a0e9d86da2975a2487e033ce2be96663"},
    {file = "bleak_winrt-1.1.1-cp38-cp38-win32.whl", hash = "sha256:1c4a9ee0c3195d07a3fd8f994953075443563c2c5c8e608cd09f3d0eaac540ed"},
    {file = "bleak_winrt-1.1.1-cp38-cp38-win_amd64.whl", hash = "sha256:e75b8d5aad3169bd528be9ccbacb775fb0d07f1714ca93b1efa6687c47a1b755"},
    {file = "bleak_winrt-1.1.1-cp39-cp39-win32.whl", hash = "sha256:e0da28651f8e83aaaea4113d084880f1fafae75c29c2a70429ae1f0b8681dc52"},
    {file = "bleak_winrt-1.1.1-cp39-cp39-win_amd64.whl", hash = "sha256:7481aed7d17e8c2aa2bf9e3786206e382f710f516e00887d825df1b7a4c613d5"},
]
click = [
    {file = "click-8.1.3-py3-none-any.whl", hash = "sha256:bb4d8133cb15a609f44e8213d9b391b0809795062913b383c62be0ee95b1db48"},
    {file = "click-8.1.3.tar.gz", hash = "sha256:7682dc8afb30297001674575ea00d1814d808d6a36af415a82bd481d37ba7b8e"},
]
colorama = [
    {file = "colorama-0.4.4-py2.py3-none-any.whl", hash = "sha256:9f47eda37229f68eee03b24b9748937c7dc3868f906e8ba69fbcbdd3bc5dc3e2"},
    {file = "colorama-0.4.4.tar.gz", hash = "sha256:5941b2b48a20143d2267e95b1c2a7603ce057ee39fd88e7329b0c292aa16869b"},
]
dbus-next = [
    {file = "dbus_next-0.2.3-py3-none-any.whl", hash = "sha256:58948f9aff9db08316734c0be2a120f6dc502124d9642f55e90ac82ffb16a18b"},
    {file = "dbus_next-0.2.3.tar.gz", hash = "sha256:f4eae26909332ada528c0a3549dda8d4f088f9b365153952a408e28023a626a5"},
]
importlib-metadata = [
    {file = "importlib_metadata-4.11.3-py3-none-any.whl", hash = "sha256:1208431ca90a8cca1a6b8af391bb53c1a2db74e5d1cef6ddced95d4b2062edc6"},
    {file = "importlib_metadata-4.11.3.tar.gz", hash = "sha256:ea4c597ebf37142f827b8f39299579e31685c31d3a438b59f469406afd0f2539"},
]
pyobjc-core = [
    {file = "pyobjc-core-8.5.tar.gz", hash = "sha256:704c275439856c0d1287469f0d589a7d808d48b754a93d9ce5415d4eaf06d576"},
    {file = "pyobjc_core-8.5-cp310-cp310-macosx_10_9_universal2.whl", hash = "sha256:0c234143b48334443f5adcf26e668945a6d47bc1fa6223e80918c6c735a029d9"},
    {file = "pyobjc_core-8.5-cp36-cp36m-macosx_10_9_x86_64.whl", hash = "sha256:1486ee533f0d76f666804ce89723ada4db56bfde55e56151ba512d3f849857f8"},
    {file = "pyobjc_core-8.5-cp37-cp37m-macosx_10_9_x86_64.whl", hash = "sha256:412de06dfa728301c04b3e46fd7453320a8ae8b862e85236e547cd797a73b490"},
    {file = "pyobjc_core-8.5-cp38-cp38-macosx_10_9_x86_64.whl", hash = "sha256:0b3e09cccb1be574a82cc9f929ae27fc4283eccc75496cb5d51534caa6bb83a3"},
    {file = "pyobjc_core-8.5-cp38-cp38-macosx_11_0_universal2.whl", hash = "sha256:eeafe21f879666ab7f57efcc6b007c9f5f8733d367b7e380c925203ed83f000d"},
    {file = "pyobjc_core-8.5-cp39-cp39-macosx_10_9_universal2.whl", hash = "sha256:c0071686976d7ea8c14690950e504a13cb22b4ebb2bc7b5ec47c1c1c0f6eff41"},
]
pyobjc-framework-cocoa = [
    {file = "pyobjc-framework-Cocoa-8.5.tar.gz", hash = "sha256:569bd3a020f64b536fb2d1c085b37553e50558c9f907e08b73ffc16ae68e1861"},
    {file = "pyobjc_framework_Cocoa-8.5-cp310-cp310-macosx_10_9_universal2.whl", hash = "sha256:7a7c160416696bf6035dfcdf0e603aaa52858d6afcddfcc5ab41733619ac2529"},
    {file = "pyobjc_framework_Cocoa-8.5-cp36-cp36m-macosx_10_9_x86_64.whl", hash = "sha256:6ceba444282030be8596b812260e8d28b671254a51052ad778d32da6e17db847"},
    {file = "pyobjc_framework_Cocoa-8.5-cp37-cp37m-macosx_10_9_x86_64.whl", hash = "sha256:f46b2b161b8dd40c7b9e00bc69636c3e6480b2704a69aee22ee0154befbe163a"},
    {file = "pyobjc_framework_Cocoa-8.5-cp38-cp38-macosx_10_9_x86_64.whl", hash = "sha256:b31d425aee8698cbf62b187338f5ca59427fa4dca2153a73866f7cb410713119"},
    {file = "pyobjc_framework_Cocoa-8.5-cp38-cp38-macosx_11_0_universal2.whl", hash = "sha256:898359ac1f76eedec8aa156847682378a8950824421c40edb89391286e607dc4"},
    {file = "pyobjc_framework_Cocoa-8.5-cp39-cp39-macosx_10_9_universal2.whl", hash = "sha256:baa2947f76b119a3360973d74d57d6dada87ac527bab9a88f31596af392f123c"},
]
pyobjc-framework-corebluetooth = [
    {file = "pyobjc-framework-CoreBluetooth-8.5.tar.gz", hash = "sha256:d83928083b0fc1aa9f653b3bbc4c22558559adbd82689aa461f4ccb295669dd2"},
    {file = "pyobjc_framework_CoreBluetooth-8.5-cp36-abi3-macosx_10_9_universal2.whl", hash = "sha256:19b42a2020ee36e2b0e9b8ae64fb130084a609612fcdedafea7cb53234d3cb63"},
    {file = "pyobjc_framework_CoreBluetooth-8.5-cp36-abi3-macosx_10_9_x86_64.whl", hash = "sha256:ef319beb88d8e75af61eb8f0fef01c6fe186d9a271718bcfaafc68c599af8c37"},
    {file = "pyobjc_framework_CoreBluetooth-8.5-cp36-abi3-macosx_11_0_universal2.whl", hash = "sha256:57ae20e1dc54b8f0805cda8681a5293b11a499d053df5bdae459d4ca8c67756c"},
]
pyobjc-framework-libdispatch = [
    {file = "pyobjc-framework-libdispatch-8.5.tar.gz", hash = "sha256:f610a0e57e9bb31878776db0a1c1cfd279f4e43e26e3195c6647786b4522b1c4"},
    {file = "pyobjc_framework_libdispatch-8.5-cp310-cp310-macosx_10_9_universal2.whl", hash = "sha256:63808d104951f7f721be6ad3de194f23c8e2f7a93c771e07961c63d70f2628c3"},
    {file = "pyobjc_framework_libdispatch-8.5-cp36-cp36m-macosx_10_9_x86_64.whl", hash = "sha256:8c67972b6e068ce168611852742cbabe59cbb4a33d3750a351171a7c062771f9"},
    {file = "pyobjc_framework_libdispatch-8.5-cp37-cp37m-macosx_10_9_x86_64.whl", hash = "sha256:5a1cc3bb6014c28a4223ad9f2257057f7d2861087c87c81c9649813fc7ec43a6"},
    {file = "pyobjc_framework_libdispatch-8.5-cp38-cp38-macosx_10_9_x86_64.whl", hash = "sha256:c22da1d79a5b0b22e3f040f40c63c51cd46e275a82f143cf2630f772ffc1a4ef"},
    {file = "pyobjc_framework_libdispatch-8.5-cp38-cp38-macosx_11_0_universal2.whl", hash = "sha256:05d20953557924f4280a6186600600cf5ea4391f5612b43155b3b2a7dfda6b61"},
    {file = "pyobjc_framework_libdispatch-8.5-cp39-cp39-macosx_10_9_universal2.whl", hash = "sha256:fa9d4b446dc62c15fd04c65decbb36530bf866231f2630262a6435e11d53bf77"},
]
toml = [
    {file = "toml-0.10.2-py2.py3-none-any.whl", hash = "sha256:806143ae5bfb6a3c6e736a764057db0e6a0e05e338b5630894a5f779cabb4f9b"},
    {file = "toml-0.10.2.tar.gz", hash = "sha256:b3bda1d108d5dd99f4a20d24d9c348e91c4db7ab1b749200bded2f839ccbe68f"},
]
typing-extensions = [
    {file = "typing_extensions-4.2.0-py3-none-any.whl", hash = "sha256:6657594ee297170d19f67d55c05852a874e7eb634f4f753dbd667855e07c1708"},
    {file = "typing_extensions-4.2.0.tar.gz", hash = "sha256:f1c24655a0da0d1b67f07e17a5e6b2a105894e6824b92096378bb3668ef02376"},
]
zipp = [
    {file = "zipp-3.8.0-py3-none-any.whl", hash = "sha256:c4f6e5bbf48e74f7a38e7cc5b0480ff42b0ae5178957d564d18932525d5cf099"},
    {file = "zipp-3.8.0.tar.gz", hash = "sha256:56bf8aadb83c24db6c4b577e13de374ccfb67da2078beba1d037c17980bf43ad"},
]
